# The pinned UD English Web Treebank, which the exam grades taggers on. fetch.sh reads this file,
# downloads each file named below from <base>/<commit>/<file>, checks its sha256, and keeps a copy
# of this file as .ewt/stamp. Change a line here and the next fetch starts over.
#
# The licence is CC BY-SA 4.0. The train file may train a learner and the dev and test files may
# not (owner, 2026-10-04); a trainer refuses a file whose `trains` line below says otherwise. Nothing
# derived from the treebank is committed or shipped.
release r2.18
commit b7711cce01cdd4f5fcc0a8199b8a50d951b16c0c
base https://raw.githubusercontent.com/UniversalDependencies/UD_English-EWT
licence CC BY-SA 4.0
trains yes en_ewt-ud-train.conllu
trains no en_ewt-ud-dev.conllu
trains no en_ewt-ud-test.conllu
sha256 d68e06122a702464c613076523d56740f047e5bbe89dd90ec32737e04d952143 en_ewt-ud-train.conllu
sha256 39239e0a60db3ae68f4b7036189f11b6692741d10ff8240dd91f74f2760d90f8 en_ewt-ud-dev.conllu
sha256 fa024f43dc5da3c5ac02563bc9bd0e974f46cbb1560823976a8f342a37dc494a en_ewt-ud-test.conllu
sha256 b3d1b0f4c6ae151f7eb78738f46ebd5ee140f8a7f76501ba26af123140d35ae7 LICENSE.txt
