ghcr.io/webern/deslag-blobs:v3@sha256:d7263b0d15c9b4229633d9eec73f0448e1165ca6eab1903fdc227ccada9c7350
ce77a0c238104bd25b92b1419485371770b28c0450fc13587ee4f1b3223d4b37 sha256:838e3ef0395952a4e553fda5fe1567dc63af8d9ce45720f50ae042f047cea811 corpus/batches/2026-09-27-01
b9673a8744c05695fd530af1cfcadf9aa5f0ff18e24aba71b71871f1a5f60169 sha256:2b0bc34d74fcb68bd6487d51f1104916c546695fab85108e39a431188f758be3 corpus/batches/2026-09-27-02
ee804991c7881a690bb5b0251ecc5d2e9da92e13978ebf35d95bad0546b5c63f sha256:1a23d8f1c0e621b2a2dc4590f3656a8f45cd448ce31ddad01133a9fca371325e corpus/batches/2026-10-03-01
