ghcr.io/webern/deslag-blobs:v7@sha256:d9a3047c38e2f9e7845f15f4a4f8a66b715595879f818e4ad4cd0997077c85fb
ce77a0c238104bd25b92b1419485371770b28c0450fc13587ee4f1b3223d4b37 sha256:838e3ef0395952a4e553fda5fe1567dc63af8d9ce45720f50ae042f047cea811 corpus/batches/2026-09-27-01
b9673a8744c05695fd530af1cfcadf9aa5f0ff18e24aba71b71871f1a5f60169 sha256:2b0bc34d74fcb68bd6487d51f1104916c546695fab85108e39a431188f758be3 corpus/batches/2026-09-27-02
ee804991c7881a690bb5b0251ecc5d2e9da92e13978ebf35d95bad0546b5c63f sha256:1a23d8f1c0e621b2a2dc4590f3656a8f45cd448ce31ddad01133a9fca371325e corpus/batches/2026-10-03-01
3961083531b289ffab7469fc72979cdef9fc20100ed83fa69b7295debf3745b5 sha256:1a806a04c640da552aaee1532830c13d525941be262b33cd3c96b68fd42e699d corpus/batches/2026-10-03-02
c602f7bb52aa914afb3223cbbc71aebe180c0204c859064dc1f462b132271e7f sha256:73b2c2664063c878aa063a85b51f74f36cc4dfce93f1bd741b2f1d7ec1e27732 corpus/batches/2026-10-03-03
a9fe7660deeb75c52b26d0301d825cf3d4f894c0b69a69e506413f95a1aeb510 sha256:b81448b346b4d4fe2336bb418ff2afbf5d24534cc62acce00cc74e7733711956 corpus/batches/2026-10-03-04
a71d24658ffaecd1629d435859bd26503ae8bb9b68cce6dcde0a05345b1982a3 sha256:61265d5015318724b8deb042e7102ecc79e1b32b93030c9635cc0616b349ce9b silver-raw/2026-10-08-silver
e942af46bbf780bb63fce6ed54e02499830a0357bb80bdbf70fd35439ec2ef0b sha256:c07148bb3215bd94f8c687cf358005cb8dc56e94a2fbc873d81d0630b4d7432c silver/2026-10-08-silver
